// !$*UTF8*$!
{
	archiveVersion = 1;
	classes = {
	};
	objectVersion = 46;
	objects = {

/* Begin PBXBuildFile section */
		2172E2401EF9C8F70024E918 /* DetailViewController.swift in Sources */ = {isa = PBXBuildFile; fileRef = 2172E23F1EF9C8F70024E918 /* DetailViewController.swift */; };
		21B748F71EF31BF4004DEE85 /* AppDelegate.swift in Sources */ = {isa = PBXBuildFile; fileRef = 21B748F61EF31BF4004DEE85 /* AppDelegate.swift */; };
		21B748F91EF31BF4004DEE85 /* RemindersViewController.swift in Sources */ = {isa = PBXBuildFile; fileRef = 21B748F81EF31BF4004DEE85 /* RemindersViewController.swift */; };
		21B748FB1EF31BF4004DEE85 /* DoneRemindersViewController.swift in Sources */ = {isa = PBXBuildFile; fileRef = 21B748FA1EF31BF4004DEE85 /* DoneRemindersViewController.swift */; };
		21B748FE1EF31BF4004DEE85 /* Main.storyboard in Resources */ = {isa = PBXBuildFile; fileRef = 21B748FC1EF31BF4004DEE85 /* Main.storyboard */; };
		21B749001EF31BF4004DEE85 /* Assets.xcassets in Resources */ = {isa = PBXBuildFile; fileRef = 21B748FF1EF31BF4004DEE85 /* Assets.xcassets */; };
		21B749031EF31BF4004DEE85 /* LaunchScreen.storyboard in Resources */ = {isa = PBXBuildFile; fileRef = 21B749011EF31BF4004DEE85 /* LaunchScreen.storyboard */; };
		21B7490D1EF452A5004DEE85 /* ReminderViewController.swift in Sources */ = {isa = PBXBuildFile; fileRef = 21B7490C1EF452A5004DEE85 /* ReminderViewController.swift */; };
		21B7490F1EF456D0004DEE85 /* ReminderTableViewCell.swift in Sources */ = {isa = PBXBuildFile; fileRef = 21B7490E1EF456D0004DEE85 /* ReminderTableViewCell.swift */; };
		21B749111EF45AE5004DEE85 /* Item.swift in Sources */ = {isa = PBXBuildFile; fileRef = 21B749101EF45AE5004DEE85 /* Item.swift */; };
/* End PBXBuildFile section */

/* Begin PBXFileReference section */
		2126771A1F06BBC0003546B2 /* CoreData.framework */ = {isa = PBXFileReference; lastKnownFileType = wrapper.framework; name = CoreData.framework; path = System/Library/Frameworks/CoreData.framework; sourceTree = SDKROOT; };
		2172E23F1EF9C8F70024E918 /* DetailViewController.swift */ = {isa = PBXFileReference; fileEncoding = 4; lastKnownFileType = sourcecode.swift; path = DetailViewController.swift; sourceTree = "<group>"; };
		21B748F31EF31BF4004DEE85 /* XReminder.app */ = {isa = PBXFileReference; explicitFileType = wrapper.application; includeInIndex = 0; path = XReminder.app; sourceTree = BUILT_PRODUCTS_DIR; };
		21B748F61EF31BF4004DEE85 /* AppDelegate.swift */ = {isa = PBXFileReference; lastKnownFileType = sourcecode.swift; path = AppDelegate.swift; sourceTree = "<group>"; };
		21B748F81EF31BF4004DEE85 /* RemindersViewController.swift */ = {isa = PBXFileReference; lastKnownFileType = sourcecode.swift; path = RemindersViewController.swift; sourceTree = "<group>"; };
		21B748FA1EF31BF4004DEE85 /* DoneRemindersViewController.swift */ = {isa = PBXFileReference; lastKnownFileType = sourcecode.swift; path = DoneRemindersViewController.swift; sourceTree = "<group>"; };
		21B748FD1EF31BF4004DEE85 /* Base */ = {isa = PBXFileReference; lastKnownFileType = file.storyboard; name = Base; path = Base.lproj/Main.storyboard; sourceTree = "<group>"; };
		21B748FF1EF31BF4004DEE85 /* Assets.xcassets */ = {isa = PBXFileReference; lastKnownFileType = folder.assetcatalog; path = Assets.xcassets; sourceTree = "<group>"; };
		21B749021EF31BF4004DEE85 /* Base */ = {isa = PBXFileReference; lastKnownFileType = file.storyboard; name = Base; path = Base.lproj/LaunchScreen.storyboard; sourceTree = "<group>"; };
		21B749041EF31BF4004DEE85 /* Info.plist */ = {isa = PBXFileReference; lastKnownFileType = text.plist.xml; path = Info.plist; sourceTree = "<group>"; };
		21B7490C1EF452A5004DEE85 /* ReminderViewController.swift */ = {isa = PBXFileReference; fileEncoding = 4; lastKnownFileType = sourcecode.swift; path = ReminderViewController.swift; sourceTree = "<group>"; };
		21B7490E1EF456D0004DEE85 /* ReminderTableViewCell.swift */ = {isa = PBXFileReference; fileEncoding = 4; lastKnownFileType = sourcecode.swift; path = ReminderTableViewCell.swift; sourceTree = "<group>"; };
		21B749101EF45AE5004DEE85 /* Item.swift */ = {isa = PBXFileReference; fileEncoding = 4; lastKnownFileType = sourcecode.swift; path = Item.swift; sourceTree = "<group>"; };
/* End PBXFileReference section */

/* Begin PBXFrameworksBuildPhase section */
		21B748F01EF31BF4004DEE85 /* Frameworks */ = {
			isa = PBXFrameworksBuildPhase;
			buildActionMask = 2147483647;
			files = (
			);
			runOnlyForDeploymentPostprocessing = 0;
		};
/* End PBXFrameworksBuildPhase section */

/* Begin PBXGroup section */
		212677191F06BBBF003546B2 /* Frameworks */ = {
			isa = PBXGroup;
			children = (
				2126771A1F06BBC0003546B2 /* CoreData.framework */,
			);
			name = Frameworks;
			sourceTree = "<group>";
		};
		21B748EA1EF31BF4004DEE85 = {
			isa = PBXGroup;
			children = (
				21B748F51EF31BF4004DEE85 /* XReminder */,
				21B748F41EF31BF4004DEE85 /* Products */,
				212677191F06BBBF003546B2 /* Frameworks */,
			);
			sourceTree = "<group>";
		};
		21B748F41EF31BF4004DEE85 /* Products */ = {
			isa = PBXGroup;
			children = (
				21B748F31EF31BF4004DEE85 /* XReminder.app */,
			);
			name = Products;
			sourceTree = "<group>";
		};
		21B748F51EF31BF4004DEE85 /* XReminder */ = {
			isa = PBXGroup;
			children = (
				21B748F61EF31BF4004DEE85 /* AppDelegate.swift */,
				21B749101EF45AE5004DEE85 /* Item.swift */,
				21B748F81EF31BF4004DEE85 /* RemindersViewController.swift */,
				21B748FA1EF31BF4004DEE85 /* DoneRemindersViewController.swift */,
				21B7490C1EF452A5004DEE85 /* ReminderViewController.swift */,
				2172E23F1EF9C8F70024E918 /* DetailViewController.swift */,
				21B7490E1EF456D0004DEE85 /* ReminderTableViewCell.swift */,
				21B748FC1EF31BF4004DEE85 /* Main.storyboard */,
				21B748FF1EF31BF4004DEE85 /* Assets.xcassets */,
				21B749011EF31BF4004DEE85 /* LaunchScreen.storyboard */,
				21B749041EF31BF4004DEE85 /* Info.plist */,
			);
			path = XReminder;
			sourceTree = "<group>";
		};
/* End PBXGroup section */

/* Begin PBXNativeTarget section */
		21B748F21EF31BF4004DEE85 /* XReminder */ = {
			isa = PBXNativeTarget;
			buildConfigurationList = 21B749071EF31BF4004DEE85 /* Build configuration list for PBXNativeTarget "XReminder" */;
			buildPhases = (
				21B748EF1EF31BF4004DEE85 /* Sources */,
				21B748F01EF31BF4004DEE85 /* Frameworks */,
				21B748F11EF31BF4004DEE85 /* Resources */,
			);
			buildRules = (
			);
			dependencies = (
			);
			name = XReminder;
			productName = XReminder;
			productReference = 21B748F31EF31BF4004DEE85 /* XReminder.app */;
			productType = "com.apple.product-type.application";
		};
/* End PBXNativeTarget section */

/* Begin PBXProject section */
		21B748EB1EF31BF4004DEE85 /* Project object */ = {
			isa = PBXProject;
			attributes = {
				LastSwiftUpdateCheck = 0830;
				LastUpgradeCheck = 0830;
				ORGANIZATIONNAME = WangXiaoxiao;
				TargetAttributes = {
					21B748F21EF31BF4004DEE85 = {
						CreatedOnToolsVersion = 8.3.3;
						DevelopmentTeam = C2B2Z663VT;
						ProvisioningStyle = Automatic;
					};
				};
			};
			buildConfigurationList = 21B748EE1EF31BF4004DEE85 /* Build configuration list for PBXProject "XReminder" */;
			compatibilityVersion = "Xcode 3.2";
			developmentRegion = English;
			hasScannedForEncodings = 0;
			knownRegions = (
				en,
				Base,
			);
			mainGroup = 21B748EA1EF31BF4004DEE85;
			productRefGroup = 21B748F41EF31BF4004DEE85 /* Products */;
			projectDirPath = "";
			projectRoot = "";
			targets = (
				21B748F21EF31BF4004DEE85 /* XReminder */,
			);
		};
/* End PBXProject section */

/* Begin PBXResourcesBuildPhase section */
		21B748F11EF31BF4004DEE85 /* Resources */ = {
			isa = PBXResourcesBuildPhase;
			buildActionMask = 2147483647;
			files = (
				21B749031EF31BF4004DEE85 /* LaunchScreen.storyboard in Resources */,
				21B749001EF31BF4004DEE85 /* Assets.xcassets in Resources */,
				21B748FE1EF31BF4004DEE85 /* Main.storyboard in Resources */,
			);
			runOnlyForDeploymentPostprocessing = 0;
		};
/* End PBXResourcesBuildPhase section */

/* Begin PBXSourcesBuildPhase section */
		21B748EF1EF31BF4004DEE85 /* Sources */ = {
			isa = PBXSourcesBuildPhase;
			buildActionMask = 2147483647;
			files = (
				21B7490D1EF452A5004DEE85 /* ReminderViewController.swift in Sources */,
				21B748FB1EF31BF4004DEE85 /* DoneRemindersViewController.swift in Sources */,
				21B748F71EF31BF4004DEE85 /* AppDelegate.swift in Sources */,
				21B748F91EF31BF4004DEE85 /* RemindersViewController.swift in Sources */,
				21B749111EF45AE5004DEE85 /* Item.swift in Sources */,
				21B7490F1EF456D0004DEE85 /* ReminderTableViewCell.swift in Sources */,
				2172E2401EF9C8F70024E918 /* DetailViewController.swift in Sources */,
			);
			runOnlyForDeploymentPostprocessing = 0;
		};
/* End PBXSourcesBuildPhase section */

/* Begin PBXVariantGroup section */
		21B748FC1EF31BF4004DEE85 /* Main.storyboard */ = {
			isa = PBXVariantGroup;
			children = (
				21B748FD1EF31BF4004DEE85 /* Base */,
			);
			name = Main.storyboard;
			sourceTree = "<group>";
		};
		21B749011EF31BF4004DEE85 /* LaunchScreen.storyboard */ = {
			isa = PBXVariantGroup;
			children = (
				21B749021EF31BF4004DEE85 /* Base */,
			);
			name = LaunchScreen.storyboard;
			sourceTree = "<group>";
		};
/* End PBXVariantGroup section */

/* Begin XCBuildConfiguration section */
		21B749051EF31BF4004DEE85 /* Debug */ = {
			isa = XCBuildConfiguration;
			buildSettings = {
				ALWAYS_SEARCH_USER_PATHS = NO;
				CLANG_ANALYZER_NONNULL = YES;
				CLANG_ANALYZER_NUMBER_OBJECT_CONVERSION = YES_AGGRESSIVE;
				CLANG_CXX_LANGUAGE_STANDARD = "gnu++0x";
				CLANG_CXX_LIBRARY = "libc++";
				CLANG_ENABLE_MODULES = YES;
				CLANG_ENABLE_OBJC_ARC = YES;
				CLANG_WARN_BOOL_CONVERSION = YES;
				CLANG_WARN_CONSTANT_CONVERSION = YES;
				CLANG_WARN_DIRECT_OBJC_ISA_USAGE = YES_ERROR;
				CLANG_WARN_DOCUMENTATION_COMMENTS = YES;
				CLANG_WARN_EMPTY_BODY = YES;
				CLANG_WARN_ENUM_CONVERSION = YES;
				CLANG_WARN_INFINITE_RECURSION = YES;
				CLANG_WARN_INT_CONVERSION = YES;
				CLANG_WARN_OBJC_ROOT_CLASS = YES_ERROR;
				CLANG_WARN_SUSPICIOUS_MOVE = YES;
				CLANG_WARN_UNREACHABLE_CODE = YES;
				CLANG_WARN__DUPLICATE_METHOD_MATCH = YES;
				"CODE_SIGN_IDENTITY[sdk=iphoneos*]" = "iPhone Developer";
				COPY_PHASE_STRIP = NO;
				DEBUG_INFORMATION_FORMAT = dwarf;
				ENABLE_STRICT_OBJC_MSGSEND = YES;
				ENABLE_TESTABILITY = YES;
				GCC_C_LANGUAGE_STANDARD = gnu99;
				GCC_DYNAMIC_NO_PIC = NO;
				GCC_NO_COMMON_BLOCKS = YES;
				GCC_OPTIMIZATION_LEVEL = 0;
				GCC_PREPROCESSOR_DEFINITIONS = (
					"DEBUG=1",
					"$(inherited)",
				);
				GCC_WARN_64_TO_32_BIT_CONVERSION = YES;
				GCC_WARN_ABOUT_RETURN_TYPE = YES_ERROR;
				GCC_WARN_UNDECLARED_SELECTOR = YES;
				GCC_WARN_UNINITIALIZED_AUTOS = YES_AGGRESSIVE;
				GCC_WARN_UNUSED_FUNCTION = YES;
				GCC_WARN_UNUSED_VARIABLE = YES;
				IPHONEOS_DEPLOYMENT_TARGET = 10.3;
				MTL_ENABLE_DEBUG_INFO = YES;
				ONLY_ACTIVE_ARCH = YES;
				SDKROOT = iphoneos;
				SWIFT_ACTIVE_COMPILATION_CONDITIONS = DEBUG;
				SWIFT_OPTIMIZATION_LEVEL = "-Onone";
			};
			name = Debug;
		};
		21B749061EF31BF4004DEE85 /* Release */ = {
			isa = XCBuildConfiguration;
			buildSettings = {
				ALWAYS_SEARCH_USER_PATHS = NO;
				CLANG_ANALYZER_NONNULL = YES;
				CLANG_ANALYZER_NUMBER_OBJECT_CONVERSION = YES_AGGRESSIVE;
				CLANG_CXX_LANGUAGE_STANDARD = "gnu++0x";
				CLANG_CXX_LIBRARY = "libc++";
				CLANG_ENABLE_MODULES = YES;
				CLANG_ENABLE_OBJC_ARC = YES;
				CLANG_WARN_BOOL_CONVERSION = YES;
				CLANG_WARN_CONSTANT_CONVERSION = YES;
				CLANG_WARN_DIRECT_OBJC_ISA_USAGE = YES_ERROR;
				CLANG_WARN_DOCUMENTATION_COMMENTS = YES;
				CLANG_WARN_EMPTY_BODY = YES;
				CLANG_WARN_ENUM_CONVERSION = YES;
				CLANG_WARN_INFINITE_RECURSION = YES;
				CLANG_WARN_INT_CONVERSION = YES;
				CLANG_WARN_OBJC_ROOT_CLASS = YES_ERROR;
				CLANG_WARN_SUSPICIOUS_MOVE = YES;
				CLANG_WARN_UNREACHABLE_CODE = YES;
				CLANG_WARN__DUPLICATE_METHOD_MATCH = YES;
				"CODE_SIGN_IDENTITY[sdk=iphoneos*]" = "iPhone Developer";
				COPY_PHASE_STRIP = NO;
				DEBUG_INFORMATION_FORMAT = "dwarf-with-dsym";
				ENABLE_NS_ASSERTIONS = NO;
				ENABLE_STRICT_OBJC_MSGSEND = YES;
				GCC_C_LANGUAGE_STANDARD = gnu99;
				GCC_NO_COMMON_BLOCKS = YES;
				GCC_WARN_64_TO_32_BIT_CONVERSION = YES;
				GCC_WARN_ABOUT_RETURN_TYPE = YES_ERROR;
				GCC_WARN_UNDECLARED_SELECTOR = YES;
				GCC_WARN_UNINITIALIZED_AUTOS = YES_AGGRESSIVE;
				GCC_WARN_UNUSED_FUNCTION = YES;
				GCC_WARN_UNUSED_VARIABLE = YES;
				IPHONEOS_DEPLOYMENT_TARGET = 10.3;
				MTL_ENABLE_DEBUG_INFO = NO;
				SDKROOT = iphoneos;
				SWIFT_OPTIMIZATION_LEVEL = "-Owholemodule";
				VALIDATE_PRODUCT = YES;
			};
			name = Release;
		};
		21B749081EF31BF4004DEE85 /* Debug */ = {
			isa = XCBuildConfiguration;
			buildSettings = {
				ASSETCATALOG_COMPILER_APPICON_NAME = AppIcon;
				DEVELOPMENT_TEAM = C2B2Z663VT;
				INFOPLIST_FILE = XReminder/Info.plist;
				LD_RUNPATH_SEARCH_PATHS = "$(inherited) @executable_path/Frameworks";
				PRODUCT_BUNDLE_IDENTIFIER = com.wangxiaoxiao.XReminder;
				PRODUCT_NAME = "$(TARGET_NAME)";
				SWIFT_VERSION = 3.0;
			};
			name = Debug;
		};
		21B749091EF31BF4004DEE85 /* Release */ = {
			isa = XCBuildConfiguration;
			buildSettings = {
				ASSETCATALOG_COMPILER_APPICON_NAME = AppIcon;
				DEVELOPMENT_TEAM = C2B2Z663VT;
				INFOPLIST_FILE = XReminder/Info.plist;
				LD_RUNPATH_SEARCH_PATHS = "$(inherited) @executable_path/Frameworks";
				PRODUCT_BUNDLE_IDENTIFIER = com.wangxiaoxiao.XReminder;
				PRODUCT_NAME = "$(TARGET_NAME)";
				SWIFT_VERSION = 3.0;
			};
			name = Release;
		};
/* End XCBuildConfiguration section */

/* Begin XCConfigurationList section */
		21B748EE1EF31BF4004DEE85 /* Build configuration list for PBXProject "XReminder" */ = {
			isa = XCConfigurationList;
			buildConfigurations = (
				21B749051EF31BF4004DEE85 /* Debug */,
				21B749061EF31BF4004DEE85 /* Release */,
			);
			defaultConfigurationIsVisible = 0;
			defaultConfigurationName = Release;
		};
		21B749071EF31BF4004DEE85 /* Build configuration list for PBXNativeTarget "XReminder" */ = {
			isa = XCConfigurationList;
			buildConfigurations = (
				21B749081EF31BF4004DEE85 /* Debug */,
				21B749091EF31BF4004DEE85 /* Release */,
			);
			defaultConfigurationIsVisible = 0;
			defaultConfigurationName = Release;
		};
/* End XCConfigurationList section */
	};
	rootObject = 21B748EB1EF31BF4004DEE85 /* Project object */;
}
